
Microsoft Visual Studio Solution File, Format Version 12.00
# Visual Studio Version 16
VisualStudioVersion = 16.0.30804.86
MinimumVisualStudioVersion = 10.0.40219.1
Project("{FAE04EC0-301F-11D3-BF4B-00C04F79EFBC}") = "thuchanhmodul3", "thuchanhmodul3\thuchanhmodul3.csproj", "{508CF06C-0B7D-4CB3-9771-4984DD73DFAC}"
EndProject
Global
	GlobalSection(SolutionConfigurationPlatforms) = preSolution
		Debug|Any CPU = Debug|Any CPU
		Release|Any CPU = Release|Any CPU
	EndGlobalSection
	GlobalSection(ProjectConfigurationPlatforms) = postSolution
		{508CF06C-0B7D-4CB3-9771-4984DD73DFAC}.Debug|Any CPU.ActiveCfg = Debug|Any CPU
		{508CF06C-0B7D-4CB3-9771-4984DD73DFAC}.Debug|Any CPU.Build.0 = Debug|Any CPU
		{508CF06C-0B7D-4CB3-9771-4984DD73DFAC}.Release|Any CPU.ActiveCfg = Release|Any CPU
		{508CF06C-0B7D-4CB3-9771-4984DD73DFAC}.Release|Any CPU.Build.0 = Release|Any CPU
	EndGlobalSection
	GlobalSection(SolutionProperties) = preSolution
		HideSolutionNode = FALSE
	EndGlobalSection
	GlobalSection(ExtensibilityGlobals) = postSolution
		SolutionGuid = {31B22454-242C-48D0-A567-4EE0880F9225}
	EndGlobalSection
EndGlobal
